// !$*UTF8*$!
{
	archiveVersion = 1;
	classes = {
	};
	objectVersion = 46;
	objects = {

/* Begin PBXBuildFile section */
		0447E4425CC1A1596914F774 /* Pods.framework in Frameworks */ = {isa = PBXBuildFile; fileRef = 14ACAF7E869FA5D74648BBDD /* Pods.framework */; };
		B964F8FC1CC39670003E0D44 /* main.m in Sources */ = {isa = PBXBuildFile; fileRef = B964F8FB1CC39670003E0D44 /* main.m */; };
		B964F8FF1CC39670003E0D44 /* AppDelegate.m in Sources */ = {isa = PBXBuildFile; fileRef = B964F8FE1CC39670003E0D44 /* AppDelegate.m */; };
		B964F9081CC39670003E0D44 /* CrazeMM.xcdatamodeld in Sources */ = {isa = PBXBuildFile; fileRef = B964F9061CC39670003E0D44 /* CrazeMM.xcdatamodeld */; };
		B964F90A1CC39670003E0D44 /* Assets.xcassets in Resources */ = {isa = PBXBuildFile; fileRef = B964F9091CC39670003E0D44 /* Assets.xcassets */; };
		B964F9181CC39671003E0D44 /* CrazeMMTests.m in Sources */ = {isa = PBXBuildFile; fileRef = B964F9171CC39671003E0D44 /* CrazeMMTests.m */; };
		B964F9231CC39671003E0D44 /* CrazeMMUITests.m in Sources */ = {isa = PBXBuildFile; fileRef = B964F9221CC39671003E0D44 /* CrazeMMUITests.m */; };
		B964F9361CC39712003E0D44 /* _SearchHistory.m in Sources */ = {isa = PBXBuildFile; fileRef = B964F9331CC39712003E0D44 /* _SearchHistory.m */; };
		B964F9371CC39712003E0D44 /* SearchHistory.m in Sources */ = {isa = PBXBuildFile; fileRef = B964F9351CC39712003E0D44 /* SearchHistory.m */; };
		B964F93E1CC3A7FF003E0D44 /* javascript-bridge.html in Resources */ = {isa = PBXBuildFile; fileRef = B964F93D1CC3A7FF003E0D44 /* javascript-bridge.html */; };
		B964F94E1CC49DF2003E0D44 /* WelcomeViewController.m in Sources */ = {isa = PBXBuildFile; fileRef = B964F94C1CC49DF2003E0D44 /* WelcomeViewController.m */; };
		B964F94F1CC49DF2003E0D44 /* WelcomeViewController.m in Sources */ = {isa = PBXBuildFile; fileRef = B964F94C1CC49DF2003E0D44 /* WelcomeViewController.m */; };
		B964F9501CC49DF2003E0D44 /* WelcomeViewController.m in Sources */ = {isa = PBXBuildFile; fileRef = B964F94C1CC49DF2003E0D44 /* WelcomeViewController.m */; };
		B964F9511CC49DF2003E0D44 /* WelcomeViewController.xib in Resources */ = {isa = PBXBuildFile; fileRef = B964F94D1CC49DF2003E0D44 /* WelcomeViewController.xib */; };
		B964F9521CC49DF2003E0D44 /* WelcomeViewController.xib in Resources */ = {isa = PBXBuildFile; fileRef = B964F94D1CC49DF2003E0D44 /* WelcomeViewController.xib */; };
		B964F9531CC49DF2003E0D44 /* WelcomeViewController.xib in Resources */ = {isa = PBXBuildFile; fileRef = B964F94D1CC49DF2003E0D44 /* WelcomeViewController.xib */; };
		B964F9571CC4A70E003E0D44 /* TabBarController.m in Sources */ = {isa = PBXBuildFile; fileRef = B964F9561CC4A70E003E0D44 /* TabBarController.m */; };
		B964F9601CC4A800003E0D44 /* SellViewController.m in Sources */ = {isa = PBXBuildFile; fileRef = B964F95F1CC4A800003E0D44 /* SellViewController.m */; };
		B964F9631CC4A81A003E0D44 /* BuyViewController.m in Sources */ = {isa = PBXBuildFile; fileRef = B964F9621CC4A81A003E0D44 /* BuyViewController.m */; };
		B964F96A1CC4AAC6003E0D44 /* UIColor+Utils.m in Sources */ = {isa = PBXBuildFile; fileRef = B964F9691CC4AAC6003E0D44 /* UIColor+Utils.m */; };
		B964F96B1CC4AAC6003E0D44 /* UIColor+Utils.m in Sources */ = {isa = PBXBuildFile; fileRef = B964F9691CC4AAC6003E0D44 /* UIColor+Utils.m */; };
		B964F96C1CC4AAC6003E0D44 /* UIColor+Utils.m in Sources */ = {isa = PBXBuildFile; fileRef = B964F9691CC4AAC6003E0D44 /* UIColor+Utils.m */; };
		B964F9741CC4B073003E0D44 /* MineViewController.m in Sources */ = {isa = PBXBuildFile; fileRef = B964F9731CC4B073003E0D44 /* MineViewController.m */; };
		B964F9751CC4B073003E0D44 /* MineViewController.m in Sources */ = {isa = PBXBuildFile; fileRef = B964F9731CC4B073003E0D44 /* MineViewController.m */; };
		B964F9761CC4B073003E0D44 /* MineViewController.m in Sources */ = {isa = PBXBuildFile; fileRef = B964F9731CC4B073003E0D44 /* MineViewController.m */; };
		B964F9841CC5030C003E0D44 /* slide-0.jpg in Resources */ = {isa = PBXBuildFile; fileRef = B964F9831CC5030C003E0D44 /* slide-0.jpg */; };
		B964F9861CC50316003E0D44 /* slide-2.jpg in Resources */ = {isa = PBXBuildFile; fileRef = B964F9851CC50316003E0D44 /* slide-2.jpg */; };
		B964F9881CC50339003E0D44 /* slide-1.jpg in Resources */ = {isa = PBXBuildFile; fileRef = B964F9871CC50339003E0D44 /* slide-1.jpg */; };
		B964F98B1CC50344003E0D44 /* slide-3.jpg in Resources */ = {isa = PBXBuildFile; fileRef = B964F9891CC50344003E0D44 /* slide-3.jpg */; };
		B964F98C1CC50344003E0D44 /* slide-4.jpg in Resources */ = {isa = PBXBuildFile; fileRef = B964F98A1CC50344003E0D44 /* slide-4.jpg */; };
		B964F9901CC50E1E003E0D44 /* BuyItemCell.m in Sources */ = {isa = PBXBuildFile; fileRef = B964F98E1CC50E1E003E0D44 /* BuyItemCell.m */; };
		B964F9911CC50E1E003E0D44 /* BuyItemCell.xib in Resources */ = {isa = PBXBuildFile; fileRef = B964F98F1CC50E1E003E0D44 /* BuyItemCell.xib */; };
		B98878861CC896BE00990AA4 /* product_debug.png in Resources */ = {isa = PBXBuildFile; fileRef = B98878851CC896BE00990AA4 /* product_debug.png */; };
		B988788D1CC8AB8B00990AA4 /* SuggestViewController.m in Sources */ = {isa = PBXBuildFile; fileRef = B988788C1CC8AB8B00990AA4 /* SuggestViewController.m */; };
		B98878911CC8AD3800990AA4 /* LoginViewController.m in Sources */ = {isa = PBXBuildFile; fileRef = B988788F1CC8AD3800990AA4 /* LoginViewController.m */; };
		B98878921CC8AD3800990AA4 /* LoginViewController.xib in Resources */ = {isa = PBXBuildFile; fileRef = B98878901CC8AD3800990AA4 /* LoginViewController.xib */; };
		B988789B1CC8D26D00990AA4 /* Reveal.framework in Frameworks */ = {isa = PBXBuildFile; fileRef = B988789A1CC8D26D00990AA4 /* Reveal.framework */; };
		B98878A01CC90CCA00990AA4 /* SignViewController.m in Sources */ = {isa = PBXBuildFile; fileRef = B988789E1CC90CCA00990AA4 /* SignViewController.m */; };
		B98878A11CC90CCA00990AA4 /* SignViewController.xib in Resources */ = {isa = PBXBuildFile; fileRef = B988789F1CC90CCA00990AA4 /* SignViewController.xib */; };
		B98878A31CC9100400990AA4 /* sign_background.png in Resources */ = {isa = PBXBuildFile; fileRef = B98878A21CC9100400990AA4 /* sign_background.png */; };
		B99D12C91CC520CB000DFF95 /* prod_placeholder.jpg in Resources */ = {isa = PBXBuildFile; fileRef = B99D12C81CC520CB000DFF95 /* prod_placeholder.jpg */; };
		B99D12CB1CC522FC000DFF95 /* logo_channel.png in Resources */ = {isa = PBXBuildFile; fileRef = B99D12CA1CC522FC000DFF95 /* logo_channel.png */; };
		B99D12D21CC5CAAD000DFF95 /* UISearchBar+RACSignalSupport.m in Sources */ = {isa = PBXBuildFile; fileRef = B99D12D11CC5CAAD000DFF95 /* UISearchBar+RACSignalSupport.m */; };
		B99D12D51CC5D4C5000DFF95 /* BuySlideDetailViewController.m in Sources */ = {isa = PBXBuildFile; fileRef = B99D12D41CC5D4C5000DFF95 /* BuySlideDetailViewController.m */; };
		B99D12DA1CC5DD7E000DFF95 /* UITabBarController+HideTabBar.m in Sources */ = {isa = PBXBuildFile; fileRef = B99D12D91CC5DD7E000DFF95 /* UITabBarController+HideTabBar.m */; };
		B99D12DD1CC5F8DC000DFF95 /* UISearchBar+Utils.m in Sources */ = {isa = PBXBuildFile; fileRef = B99D12DC1CC5F8DC000DFF95 /* UISearchBar+Utils.m */; };
		B99D12E71CC65A73000DFF95 /* SellItemCell.m in Sources */ = {isa = PBXBuildFile; fileRef = B99D12E61CC65A73000DFF95 /* SellItemCell.m */; };
		B99D12EB1CC66045000DFF95 /* SearchViewController.m in Sources */ = {isa = PBXBuildFile; fileRef = B99D12EA1CC66045000DFF95 /* SearchViewController.m */; };
		B99D12F81CC66EB9000DFF95 /* KeyWordsCell.m in Sources */ = {isa = PBXBuildFile; fileRef = B99D12F61CC66EB9000DFF95 /* KeyWordsCell.m */; };
		B99D12F91CC66EB9000DFF95 /* KeyWordsCell.xib in Resources */ = {isa = PBXBuildFile; fileRef = B99D12F71CC66EB9000DFF95 /* KeyWordsCell.xib */; };
		B99D12FD1CC66ED3000DFF95 /* SearchHistoryCell.m in Sources */ = {isa = PBXBuildFile; fileRef = B99D12FB1CC66ED3000DFF95 /* SearchHistoryCell.m */; };
		B99D12FE1CC66ED3000DFF95 /* SearchHistoryCell.xib in Resources */ = {isa = PBXBuildFile; fileRef = B99D12FC1CC66ED3000DFF95 /* SearchHistoryCell.xib */; };
		B99D13021CC66EFB000DFF95 /* ClearHistoryCell.m in Sources */ = {isa = PBXBuildFile; fileRef = B99D13001CC66EFB000DFF95 /* ClearHistoryCell.m */; };
		B99D13031CC66EFB000DFF95 /* ClearHistoryCell.xib in Resources */ = {isa = PBXBuildFile; fileRef = B99D13011CC66EFB000DFF95 /* ClearHistoryCell.xib */; };
		B99D13061CC72AD0000DFF95 /* CustomSeperatorLineCell.m in Sources */ = {isa = PBXBuildFile; fileRef = B99D13051CC72AD0000DFF95 /* CustomSeperatorLineCell.m */; };
		B99D130B1CC73FDA000DFF95 /* SearchListCell.m in Sources */ = {isa = PBXBuildFile; fileRef = B99D13091CC73FDA000DFF95 /* SearchListCell.m */; };
		B99D130F1CC743A4000DFF95 /* SearchListViewController.m in Sources */ = {isa = PBXBuildFile; fileRef = B99D130E1CC743A4000DFF95 /* SearchListViewController.m */; };
		B99D13131CC75B84000DFF95 /* LabelWithSeperatorLine.m in Sources */ = {isa = PBXBuildFile; fileRef = B99D13121CC75B84000DFF95 /* LabelWithSeperatorLine.m */; };
		B99D13171CC7A813000DFF95 /* ProductViewController.m in Sources */ = {isa = PBXBuildFile; fileRef = B99D13161CC7A813000DFF95 /* ProductViewController.m */; };
		B99D13191CC7AAB2000DFF95 /* fontawesome-webfont.ttf in Resources */ = {isa = PBXBuildFile; fileRef = B99D13181CC7AAB2000DFF95 /* fontawesome-webfont.ttf */; };
		B99D131C1CC7C373000DFF95 /* UIBarButtonItem+FontAwesome.m in Sources */ = {isa = PBXBuildFile; fileRef = B99D131B1CC7C373000DFF95 /* UIBarButtonItem+FontAwesome.m */; };
		B99D13201CC7C862000DFF95 /* FilterViewController.m in Sources */ = {isa = PBXBuildFile; fileRef = B99D131F1CC7C862000DFF95 /* FilterViewController.m */; };
		B99D13231CC86A04000DFF95 /* BaseNavigationController.m in Sources */ = {isa = PBXBuildFile; fileRef = B99D13221CC86A04000DFF95 /* BaseNavigationController.m */; };
/* End PBXBuildFile section */

/* Begin PBXContainerItemProxy section */
		B964F9141CC39670003E0D44 /* PBXContainerItemProxy */ = {
			isa = PBXContainerItemProxy;
			containerPortal = B964F8EF1CC39670003E0D44 /* Project object */;
			proxyType = 1;
			remoteGlobalIDString = B964F8F61CC39670003E0D44;
			remoteInfo = CrazeMM;
		};
		B964F91F1CC39671003E0D44 /* PBXContainerItemProxy */ = {
			isa = PBXContainerItemProxy;
			containerPortal = B964F8EF1CC39670003E0D44 /* Project object */;
			proxyType = 1;
			remoteGlobalIDString = B964F8F61CC39670003E0D44;
			remoteInfo = CrazeMM;
		};
/* End PBXContainerItemProxy section */

/* Begin PBXFileReference section */
		14ACAF7E869FA5D74648BBDD /* Pods.framework */ = {isa = PBXFileReference; explicitFileType = wrapper.framework; includeInIndex = 0; path = Pods.framework; sourceTree = BUILT_PRODUCTS_DIR; };
		B964F8F71CC39670003E0D44 /* CrazeMM.app */ = {isa = PBXFileReference; explicitFileType = wrapper.application; includeInIndex = 0; path = CrazeMM.app; sourceTree = BUILT_PRODUCTS_DIR; };
		B964F8FB1CC39670003E0D44 /* main.m */ = {isa = PBXFileReference; lastKnownFileType = sourcecode.c.objc; path = main.m; sourceTree = "<group>"; };
		B964F8FD1CC39670003E0D44 /* AppDelegate.h */ = {isa = PBXFileReference; lastKnownFileType = sourcecode.c.h; path = AppDelegate.h; sourceTree = "<group>"; };
		B964F8FE1CC39670003E0D44 /* AppDelegate.m */ = {isa = PBXFileReference; lastKnownFileType = sourcecode.c.objc; path = AppDelegate.m; sourceTree = "<group>"; };
		B964F9071CC39670003E0D44 /* CrazeMM.xcdatamodel */ = {isa = PBXFileReference; lastKnownFileType = wrapper.xcdatamodel; path = CrazeMM.xcdatamodel; sourceTree = "<group>"; };
		B964F9091CC39670003E0D44 /* Assets.xcassets */ = {isa = PBXFileReference; lastKnownFileType = folder.assetcatalog; path = Assets.xcassets; sourceTree = "<group>"; };
		B964F90E1CC39670003E0D44 /* Info.plist */ = {isa = PBXFileReference; lastKnownFileType = text.plist.xml; path = Info.plist; sourceTree = "<group>"; };
		B964F9131CC39670003E0D44 /* CrazeMMTests.xctest */ = {isa = PBXFileReference; explicitFileType = wrapper.cfbundle; includeInIndex = 0; path = CrazeMMTests.xctest; sourceTree = BUILT_PRODUCTS_DIR; };
		B964F9171CC39671003E0D44 /* CrazeMMTests.m */ = {isa = PBXFileReference; lastKnownFileType = sourcecode.c.objc; path = CrazeMMTests.m; sourceTree = "<group>"; };
		B964F9191CC39671003E0D44 /* Info.plist */ = {isa = PBXFileReference; lastKnownFileType = text.plist.xml; path = Info.plist; sourceTree = "<group>"; };
		B964F91E1CC39671003E0D44 /* CrazeMMUITests.xctest */ = {isa = PBXFileReference; explicitFileType = wrapper.cfbundle; includeInIndex = 0; path = CrazeMMUITests.xctest; sourceTree = BUILT_PRODUCTS_DIR; };
		B964F9221CC39671003E0D44 /* CrazeMMUITests.m */ = {isa = PBXFileReference; lastKnownFileType = sourcecode.c.objc; path = CrazeMMUITests.m; sourceTree = "<group>"; };
		B964F9241CC39671003E0D44 /* Info.plist */ = {isa = PBXFileReference; lastKnownFileType = text.plist.xml; path = Info.plist; sourceTree = "<group>"; };
		B964F9321CC39712003E0D44 /* _SearchHistory.h */ = {isa = PBXFileReference; fileEncoding = 4; lastKnownFileType = sourcecode.c.h; path = _SearchHistory.h; sourceTree = "<group>"; };
		B964F9331CC39712003E0D44 /* _SearchHistory.m */ = {isa = PBXFileReference; fileEncoding = 4; lastKnownFileType = sourcecode.c.objc; path = _SearchHistory.m; sourceTree = "<group>"; };
		B964F9341CC39712003E0D44 /* SearchHistory.h */ = {isa = PBXFileReference; fileEncoding = 4; lastKnownFileType = sourcecode.c.h; path = SearchHistory.h; sourceTree = "<group>"; };
		B964F9351CC39712003E0D44 /* SearchHistory.m */ = {isa = PBXFileReference; fileEncoding = 4; lastKnownFileType = sourcecode.c.objc; path = SearchHistory.m; sourceTree = "<group>"; };
		B964F9381CC39894003E0D44 /* CrazeMM-prefix.pch */ = {isa = PBXFileReference; lastKnownFileType = sourcecode.c.h; path = "CrazeMM-prefix.pch"; sourceTree = "<group>"; };
		B964F93D1CC3A7FF003E0D44 /* javascript-bridge.html */ = {isa = PBXFileReference; fileEncoding = 4; lastKnownFileType = text.html; path = "javascript-bridge.html"; sourceTree = "<group>"; };
		B964F94B1CC49DF2003E0D44 /* WelcomeViewController.h */ = {isa = PBXFileReference; fileEncoding = 4; lastKnownFileType = sourcecode.c.h; name = WelcomeViewController.h; path = welcome/WelcomeViewController.h; sourceTree = "<group>"; };
		B964F94C1CC49DF2003E0D44 /* WelcomeViewController.m */ = {isa = PBXFileReference; fileEncoding = 4; lastKnownFileType = sourcecode.c.objc; name = WelcomeViewController.m; path = welcome/WelcomeViewController.m; sourceTree = "<group>"; };
		B964F94D1CC49DF2003E0D44 /* WelcomeViewController.xib */ = {isa = PBXFileReference; fileEncoding = 4; lastKnownFileType = file.xib; name = WelcomeViewController.xib; path = welcome/WelcomeViewController.xib; sourceTree = "<group>"; };
		B964F9551CC4A70E003E0D44 /* TabBarController.h */ = {isa = PBXFileReference; fileEncoding = 4; lastKnownFileType = sourcecode.c.h; name = TabBarController.h; path = tabbar/TabBarController.h; sourceTree = "<group>"; };
		B964F9561CC4A70E003E0D44 /* TabBarController.m */ = {isa = PBXFileReference; fileEncoding = 4; lastKnownFileType = sourcecode.c.objc; name = TabBarController.m; path = tabbar/TabBarController.m; sourceTree = "<group>"; };
		B964F95E1CC4A800003E0D44 /* SellViewController.h */ = {isa = PBXFileReference; fileEncoding = 4; lastKnownFileType = sourcecode.c.h; name = SellViewController.h; path = sell/SellViewController.h; sourceTree = "<group>"; };
		B964F95F1CC4A800003E0D44 /* SellViewController.m */ = {isa = PBXFileReference; fileEncoding = 4; lastKnownFileType = sourcecode.c.objc; name = SellViewController.m; path = sell/SellViewController.m; sourceTree = "<group>"; };
		B964F9611CC4A81A003E0D44 /* BuyViewController.h */ = {isa = PBXFileReference; fileEncoding = 4; lastKnownFileType = sourcecode.c.h; name = BuyViewController.h; path = buy/BuyViewController.h; sourceTree = "<group>"; };
		B964F9621CC4A81A003E0D44 /* BuyViewController.m */ = {isa = PBXFileReference; fileEncoding = 4; lastKnownFileType = sourcecode.c.objc; name = BuyViewController.m; path = buy/BuyViewController.m; sourceTree = "<group>"; };
		B964F9681CC4AAC6003E0D44 /* UIColor+Utils.h */ = {isa = PBXFileReference; fileEncoding = 4; lastKnownFileType = sourcecode.c.h; name = "UIColor+Utils.h"; path = "common/UIColor+Utils.h"; sourceTree = "<group>"; };
		B964F9691CC4AAC6003E0D44 /* UIColor+Utils.m */ = {isa = PBXFileReference; fileEncoding = 4; lastKnownFileType = sourcecode.c.objc; name = "UIColor+Utils.m"; path = "common/UIColor+Utils.m"; sourceTree = "<group>"; };
		B964F9721CC4B073003E0D44 /* MineViewController.h */ = {isa = PBXFileReference; fileEncoding = 4; lastKnownFileType = sourcecode.c.h; name = MineViewController.h; path = mine/MineViewController.h; sourceTree = "<group>"; };
		B964F9731CC4B073003E0D44 /* MineViewController.m */ = {isa = PBXFileReference; fileEncoding = 4; lastKnownFileType = sourcecode.c.objc; name = MineViewController.m; path = mine/MineViewController.m; sourceTree = "<group>"; };
		B964F9831CC5030C003E0D44 /* slide-0.jpg */ = {isa = PBXFileReference; lastKnownFileType = image.jpeg; path = "slide-0.jpg"; sourceTree = "<group>"; };
		B964F9851CC50316003E0D44 /* slide-2.jpg */ = {isa = PBXFileReference; lastKnownFileType = image.jpeg; path = "slide-2.jpg"; sourceTree = "<group>"; };
		B964F9871CC50339003E0D44 /* slide-1.jpg */ = {isa = PBXFileReference; lastKnownFileType = image.jpeg; path = "slide-1.jpg"; sourceTree = "<group>"; };
		B964F9891CC50344003E0D44 /* slide-3.jpg */ = {isa = PBXFileReference; lastKnownFileType = image.jpeg; path = "slide-3.jpg"; sourceTree = "<group>"; };
		B964F98A1CC50344003E0D44 /* slide-4.jpg */ = {isa = PBXFileReference; lastKnownFileType = image.jpeg; path = "slide-4.jpg"; sourceTree = "<group>"; };
		B964F98D1CC50E1E003E0D44 /* BuyItemCell.h */ = {isa = PBXFileReference; fileEncoding = 4; lastKnownFileType = sourcecode.c.h; name = BuyItemCell.h; path = buy/BuyItemCell.h; sourceTree = "<group>"; };
		B964F98E1CC50E1E003E0D44 /* BuyItemCell.m */ = {isa = PBXFileReference; fileEncoding = 4; lastKnownFileType = sourcecode.c.objc; name = BuyItemCell.m; path = buy/BuyItemCell.m; sourceTree = "<group>"; };
		B964F98F1CC50E1E003E0D44 /* BuyItemCell.xib */ = {isa = PBXFileReference; fileEncoding = 4; lastKnownFileType = file.xib; name = BuyItemCell.xib; path = buy/BuyItemCell.xib; sourceTree = "<group>"; };
		B98878851CC896BE00990AA4 /* product_debug.png */ = {isa = PBXFileReference; lastKnownFileType = image.png; name = product_debug.png; path = Assets.xcassets/product_debug.imageset/product_debug.png; sourceTree = "<group>"; };
		B988788B1CC8AB8B00990AA4 /* SuggestViewController.h */ = {isa = PBXFileReference; fileEncoding = 4; lastKnownFileType = sourcecode.c.h; path = SuggestViewController.h; sourceTree = "<group>"; };
		B988788C1CC8AB8B00990AA4 /* SuggestViewController.m */ = {isa = PBXFileReference; fileEncoding = 4; lastKnownFileType = sourcecode.c.objc; path = SuggestViewController.m; sourceTree = "<group>"; };
		B988788E1CC8AD3800990AA4 /* LoginViewController.h */ = {isa = PBXFileReference; fileEncoding = 4; lastKnownFileType = sourcecode.c.h; name = LoginViewController.h; path = login/LoginViewController.h; sourceTree = "<group>"; };
		B988788F1CC8AD3800990AA4 /* LoginViewController.m */ = {isa = PBXFileReference; fileEncoding = 4; lastKnownFileType = sourcecode.c.objc; name = LoginViewController.m; path = login/LoginViewController.m; sourceTree = "<group>"; };
		B98878901CC8AD3800990AA4 /* LoginViewController.xib */ = {isa = PBXFileReference; fileEncoding = 4; lastKnownFileType = file.xib; name = LoginViewController.xib; path = login/LoginViewController.xib; sourceTree = "<group>"; };
		B988789A1CC8D26D00990AA4 /* Reveal.framework */ = {isa = PBXFileReference; lastKnownFileType = wrapper.framework; path = Reveal.framework; sourceTree = "<group>"; };
		B988789D1CC90CCA00990AA4 /* SignViewController.h */ = {isa = PBXFileReference; fileEncoding = 4; lastKnownFileType = sourcecode.c.h; name = SignViewController.h; path = sign/SignViewController.h; sourceTree = "<group>"; };
		B988789E1CC90CCA00990AA4 /* SignViewController.m */ = {isa = PBXFileReference; fileEncoding = 4; lastKnownFileType = sourcecode.c.objc; name = SignViewController.m; path = sign/SignViewController.m; sourceTree = "<group>"; };
		B988789F1CC90CCA00990AA4 /* SignViewController.xib */ = {isa = PBXFileReference; fileEncoding = 4; lastKnownFileType = file.xib; name = SignViewController.xib; path = sign/SignViewController.xib; sourceTree = "<group>"; };
		B98878A21CC9100400990AA4 /* sign_background.png */ = {isa = PBXFileReference; lastKnownFileType = image.png; path = sign_background.png; sourceTree = "<group>"; };
		B99D12C81CC520CB000DFF95 /* prod_placeholder.jpg */ = {isa = PBXFileReference; lastKnownFileType = image.jpeg; path = prod_placeholder.jpg; sourceTree = "<group>"; };
		B99D12CA1CC522FC000DFF95 /* logo_channel.png */ = {isa = PBXFileReference; lastKnownFileType = image.png; path = logo_channel.png; sourceTree = "<group>"; };
		B99D12D01CC5CAAD000DFF95 /* UISearchBar+RACSignalSupport.h */ = {isa = PBXFileReference; fileEncoding = 4; lastKnownFileType = sourcecode.c.h; path = "UISearchBar+RACSignalSupport.h"; sourceTree = "<group>"; };
		B99D12D11CC5CAAD000DFF95 /* UISearchBar+RACSignalSupport.m */ = {isa = PBXFileReference; fileEncoding = 4; lastKnownFileType = sourcecode.c.objc; path = "UISearchBar+RACSignalSupport.m"; sourceTree = "<group>"; };
		B99D12D31CC5D4C5000DFF95 /* BuySlideDetailViewController.h */ = {isa = PBXFileReference; fileEncoding = 4; lastKnownFileType = sourcecode.c.h; name = BuySlideDetailViewController.h; path = buy/BuySlideDetailViewController.h; sourceTree = "<group>"; };
		B99D12D41CC5D4C5000DFF95 /* BuySlideDetailViewController.m */ = {isa = PBXFileReference; fileEncoding = 4; lastKnownFileType = sourcecode.c.objc; name = BuySlideDetailViewController.m; path = buy/BuySlideDetailViewController.m; sourceTree = "<group>"; };
		B99D12D81CC5DD7E000DFF95 /* UITabBarController+HideTabBar.h */ = {isa = PBXFileReference; fileEncoding = 4; lastKnownFileType = sourcecode.c.h; name = "UITabBarController+HideTabBar.h"; path = "common/UITabBarController+HideTabBar.h"; sourceTree = "<group>"; };
		B99D12D91CC5DD7E000DFF95 /* UITabBarController+HideTabBar.m */ = {isa = PBXFileReference; fileEncoding = 4; lastKnownFileType = sourcecode.c.objc; name = "UITabBarController+HideTabBar.m"; path = "common/UITabBarController+HideTabBar.m"; sourceTree = "<group>"; };
		B99D12DB1CC5F8DC000DFF95 /* UISearchBar+Utils.h */ = {isa = PBXFileReference; fileEncoding = 4; lastKnownFileType = sourcecode.c.h; name = "UISearchBar+Utils.h"; path = "common/UISearchBar+Utils.h"; sourceTree = "<group>"; };
		B99D12DC1CC5F8DC000DFF95 /* UISearchBar+Utils.m */ = {isa = PBXFileReference; fileEncoding = 4; lastKnownFileType = sourcecode.c.objc; name = "UISearchBar+Utils.m"; path = "common/UISearchBar+Utils.m"; sourceTree = "<group>"; };
		B99D12E51CC65A73000DFF95 /* SellItemCell.h */ = {isa = PBXFileReference; fileEncoding = 4; lastKnownFileType = sourcecode.c.h; path = SellItemCell.h; sourceTree = "<group>"; };
		B99D12E61CC65A73000DFF95 /* SellItemCell.m */ = {isa = PBXFileReference; fileEncoding = 4; lastKnownFileType = sourcecode.c.objc; path = SellItemCell.m; sourceTree = "<group>"; };
		B99D12E91CC66045000DFF95 /* SearchViewController.h */ = {isa = PBXFileReference; fileEncoding = 4; lastKnownFileType = sourcecode.c.h; name = SearchViewController.h; path = search/SearchViewController.h; sourceTree = "<group>"; };
		B99D12EA1CC66045000DFF95 /* SearchViewController.m */ = {isa = PBXFileReference; fileEncoding = 4; lastKnownFileType = sourcecode.c.objc; name = SearchViewController.m; path = search/SearchViewController.m; sourceTree = "<group>"; };
		B99D12F51CC66EB9000DFF95 /* KeyWordsCell.h */ = {isa = PBXFileReference; fileEncoding = 4; lastKnownFileType = sourcecode.c.h; name = KeyWordsCell.h; path = search/KeyWordsCell.h; sourceTree = "<group>"; };
		B99D12F61CC66EB9000DFF95 /* KeyWordsCell.m */ = {isa = PBXFileReference; fileEncoding = 4; lastKnownFileType = sourcecode.c.objc; name = KeyWordsCell.m; path = search/KeyWordsCell.m; sourceTree = "<group>"; };
		B99D12F71CC66EB9000DFF95 /* KeyWordsCell.xib */ = {isa = PBXFileReference; fileEncoding = 4; lastKnownFileType = file.xib; name = KeyWordsCell.xib; path = search/KeyWordsCell.xib; sourceTree = "<group>"; };
		B99D12FA1CC66ED3000DFF95 /* SearchHistoryCell.h */ = {isa = PBXFileReference; fileEncoding = 4; lastKnownFileType = sourcecode.c.h; path = SearchHistoryCell.h; sourceTree = "<group>"; };
		B99D12FB1CC66ED3000DFF95 /* SearchHistoryCell.m */ = {isa = PBXFileReference; fileEncoding = 4; lastKnownFileType = sourcecode.c.objc; path = SearchHistoryCell.m; sourceTree = "<group>"; };
		B99D12FC1CC66ED3000DFF95 /* SearchHistoryCell.xib */ = {isa = PBXFileReference; fileEncoding = 4; lastKnownFileType = file.xib; path = SearchHistoryCell.xib; sourceTree = "<group>"; };
		B99D12FF1CC66EFB000DFF95 /* ClearHistoryCell.h */ = {isa = PBXFileReference; fileEncoding = 4; lastKnownFileType = sourcecode.c.h; name = ClearHistoryCell.h; path = search/ClearHistoryCell.h; sourceTree = "<group>"; };
		B99D13001CC66EFB000DFF95 /* ClearHistoryCell.m */ = {isa = PBXFileReference; fileEncoding = 4; lastKnownFileType = sourcecode.c.objc; name = ClearHistoryCell.m; path = search/ClearHistoryCell.m; sourceTree = "<group>"; };
		B99D13011CC66EFB000DFF95 /* ClearHistoryCell.xib */ = {isa = PBXFileReference; fileEncoding = 4; lastKnownFileType = file.xib; name = ClearHistoryCell.xib; path = search/ClearHistoryCell.xib; sourceTree = "<group>"; };
		B99D13041CC72AD0000DFF95 /* CustomSeperatorLineCell.h */ = {isa = PBXFileReference; fileEncoding = 4; lastKnownFileType = sourcecode.c.h; name = CustomSeperatorLineCell.h; path = common/CustomSeperatorLineCell.h; sourceTree = "<group>"; };
		B99D13051CC72AD0000DFF95 /* CustomSeperatorLineCell.m */ = {isa = PBXFileReference; fileEncoding = 4; lastKnownFileType = sourcecode.c.objc; name = CustomSeperatorLineCell.m; path = common/CustomSeperatorLineCell.m; sourceTree = "<group>"; };
		B99D13081CC73FDA000DFF95 /* SearchListCell.h */ = {isa = PBXFileReference; fileEncoding = 4; lastKnownFileType = sourcecode.c.h; name = SearchListCell.h; path = search/SearchListCell.h; sourceTree = "<group>"; };
		B99D13091CC73FDA000DFF95 /* SearchListCell.m */ = {isa = PBXFileReference; fileEncoding = 4; lastKnownFileType = sourcecode.c.objc; name = SearchListCell.m; path = search/SearchListCell.m; sourceTree = "<group>"; };
		B99D130D1CC743A4000DFF95 /* SearchListViewController.h */ = {isa = PBXFileReference; fileEncoding = 4; lastKnownFileType = sourcecode.c.h; name = SearchListViewController.h; path = search/SearchListViewController.h; sourceTree = "<group>"; };
		B99D130E1CC743A4000DFF95 /* SearchListViewController.m */ = {isa = PBXFileReference; fileEncoding = 4; lastKnownFileType = sourcecode.c.objc; name = SearchListViewController.m; path = search/SearchListViewController.m; sourceTree = "<group>"; };
		B99D13111CC75B84000DFF95 /* LabelWithSeperatorLine.h */ = {isa = PBXFileReference; fileEncoding = 4; lastKnownFileType = sourcecode.c.h; name = LabelWithSeperatorLine.h; path = common/LabelWithSeperatorLine.h; sourceTree = "<group>"; };
		B99D13121CC75B84000DFF95 /* LabelWithSeperatorLine.m */ = {isa = PBXFileReference; fileEncoding = 4; lastKnownFileType = sourcecode.c.objc; name = LabelWithSeperatorLine.m; path = common/LabelWithSeperatorLine.m; sourceTree = "<group>"; };
		B99D13151CC7A813000DFF95 /* ProductViewController.h */ = {isa = PBXFileReference; fileEncoding = 4; lastKnownFileType = sourcecode.c.h; name = ProductViewController.h; path = product/ProductViewController.h; sourceTree = "<group>"; };
		B99D13161CC7A813000DFF95 /* ProductViewController.m */ = {isa = PBXFileReference; fileEncoding = 4; lastKnownFileType = sourcecode.c.objc; name = ProductViewController.m; path = product/ProductViewController.m; sourceTree = "<group>"; };
		B99D13181CC7AAB2000DFF95 /* fontawesome-webfont.ttf */ = {isa = PBXFileReference; lastKnownFileType = file; path = "fontawesome-webfont.ttf"; sourceTree = "<group>"; };
		B99D131A1CC7C373000DFF95 /* UIBarButtonItem+FontAwesome.h */ = {isa = PBXFileReference; fileEncoding = 4; lastKnownFileType = sourcecode.c.h; name = "UIBarButtonItem+FontAwesome.h"; path = "common/UIBarButtonItem+FontAwesome.h"; sourceTree = "<group>"; };
		B99D131B1CC7C373000DFF95 /* UIBarButtonItem+FontAwesome.m */ = {isa = PBXFileReference; fileEncoding = 4; lastKnownFileType = sourcecode.c.objc; name = "UIBarButtonItem+FontAwesome.m"; path = "common/UIBarButtonItem+FontAwesome.m"; sourceTree = "<group>"; };
		B99D131E1CC7C862000DFF95 /* FilterViewController.h */ = {isa = PBXFileReference; fileEncoding = 4; lastKnownFileType = sourcecode.c.h; path = FilterViewController.h; sourceTree = "<group>"; };
		B99D131F1CC7C862000DFF95 /* FilterViewController.m */ = {isa = PBXFileReference; fileEncoding = 4; lastKnownFileType = sourcecode.c.objc; path = FilterViewController.m; sourceTree = "<group>"; };
		B99D13211CC86A04000DFF95 /* BaseNavigationController.h */ = {isa = PBXFileReference; fileEncoding = 4; lastKnownFileType = sourcecode.c.h; name = BaseNavigationController.h; path = common/BaseNavigationController.h; sourceTree = "<group>"; };
		B99D13221CC86A04000DFF95 /* BaseNavigationController.m */ = {isa = PBXFileReference; fileEncoding = 4; lastKnownFileType = sourcecode.c.objc; name = BaseNavigationController.m; path = common/BaseNavigationController.m; sourceTree = "<group>"; };
		DA9F9AB367150C29C4B45DF4 /* Pods.debug.xcconfig */ = {isa = PBXFileReference; includeInIndex = 1; lastKnownFileType = text.xcconfig; name = Pods.debug.xcconfig; path = "Pods/Target Support Files/Pods/Pods.debug.xcconfig"; sourceTree = "<group>"; };
		F9E586B49553A3F9DA3D89C1 /* Pods.release.xcconfig */ = {isa = PBXFileReference; includeInIndex = 1; lastKnownFileType = text.xcconfig; name = Pods.release.xcconfig; path = "Pods/Target Support Files/Pods/Pods.release.xcconfig"; sourceTree = "<group>"; };
/* End PBXFileReference section */

/* Begin PBXFrameworksBuildPhase section */
		B964F8F41CC39670003E0D44 /* Frameworks */ = {
			isa = PBXFrameworksBuildPhase;
			buildActionMask = 2147483647;
			files = (
				0447E4425CC1A1596914F774 /* Pods.framework in Frameworks */,
				B988789B1CC8D26D00990AA4 /* Reveal.framework in Frameworks */,
			);
			runOnlyForDeploymentPostprocessing = 0;
		};
		B964F9101CC39670003E0D44 /* Frameworks */ = {
			isa = PBXFrameworksBuildPhase;
			buildActionMask = 2147483647;
			files = (
			);
			runOnlyForDeploymentPostprocessing = 0;
		};
		B964F91B1CC39671003E0D44 /* Frameworks */ = {
			isa = PBXFrameworksBuildPhase;
			buildActionMask = 2147483647;
			files = (
			);
			runOnlyForDeploymentPostprocessing = 0;
		};
/* End PBXFrameworksBuildPhase section */

/* Begin PBXGroup section */
		5AA8556B05227EC79F91C02F /* Pods */ = {
			isa = PBXGroup;
			children = (
				DA9F9AB367150C29C4B45DF4 /* Pods.debug.xcconfig */,
				F9E586B49553A3F9DA3D89C1 /* Pods.release.xcconfig */,
			);
			name = Pods;
			sourceTree = "<group>";
		};
		8B36CB4D54E72C4D41168BEA /* Frameworks */ = {
			isa = PBXGroup;
			children = (
				B988789A1CC8D26D00990AA4 /* Reveal.framework */,
				14ACAF7E869FA5D74648BBDD /* Pods.framework */,
			);
			name = Frameworks;
			sourceTree = "<group>";
		};
		B964F8EE1CC39670003E0D44 = {
			isa = PBXGroup;
			children = (
				B964F8F91CC39670003E0D44 /* CrazeMM */,
				B964F9161CC39670003E0D44 /* CrazeMMTests */,
				B964F9211CC39671003E0D44 /* CrazeMMUITests */,
				B964F8F81CC39670003E0D44 /* Products */,
				5AA8556B05227EC79F91C02F /* Pods */,
				8B36CB4D54E72C4D41168BEA /* Frameworks */,
			);
			sourceTree = "<group>";
		};
		B964F8F81CC39670003E0D44 /* Products */ = {
			isa = PBXGroup;
			children = (
				B964F8F71CC39670003E0D44 /* CrazeMM.app */,
				B964F9131CC39670003E0D44 /* CrazeMMTests.xctest */,
				B964F91E1CC39671003E0D44 /* CrazeMMUITests.xctest */,
			);
			name = Products;
			sourceTree = "<group>";
		};
		B964F8F91CC39670003E0D44 /* CrazeMM */ = {
			isa = PBXGroup;
			children = (
				B988789C1CC90CAD00990AA4 /* sign */,
				B98878871CC89FE600990AA4 /* login */,
				B99D13141CC7A6E5000DFF95 /* product */,
				B964F9791CC4CE84003E0D44 /* resouce */,
				B964F9641CC4AA49003E0D44 /* common */,
				B99D12E81CC65FCE000DFF95 /* search */,
				B964F95A1CC4A75E003E0D44 /* buy */,
				B964F9591CC4A757003E0D44 /* sell */,
				B964F9581CC4A747003E0D44 /* mine */,
				B964F9541CC4A657003E0D44 /* TabBarVC */,
				B964F9411CC48D06003E0D44 /* Welcome */,
				B964F93C1CC3A54D003E0D44 /* javascript */,
				B964F9091CC39670003E0D44 /* Assets.xcassets */,
				B964F9311CC39712003E0D44 /* coredata */,
				B964F8FD1CC39670003E0D44 /* AppDelegate.h */,
				B964F8FE1CC39670003E0D44 /* AppDelegate.m */,
				B964F8FA1CC39670003E0D44 /* Supporting Files */,
			);
			path = CrazeMM;
			sourceTree = "<group>";
		};
		B964F8FA1CC39670003E0D44 /* Supporting Files */ = {
			isa = PBXGroup;
			children = (
				B964F9381CC39894003E0D44 /* CrazeMM-prefix.pch */,
				B964F90E1CC39670003E0D44 /* Info.plist */,
				B964F8FB1CC39670003E0D44 /* main.m */,
			);
			name = "Supporting Files";
			sourceTree = "<group>";
		};
		B964F9161CC39670003E0D44 /* CrazeMMTests */ = {
			isa = PBXGroup;
			children = (
				B964F9171CC39671003E0D44 /* CrazeMMTests.m */,
				B964F9191CC39671003E0D44 /* Info.plist */,
			);
			path = CrazeMMTests;
			sourceTree = "<group>";
		};
		B964F9211CC39671003E0D44 /* CrazeMMUITests */ = {
			isa = PBXGroup;
			children = (
				B964F9221CC39671003E0D44 /* CrazeMMUITests.m */,
				B964F9241CC39671003E0D44 /* Info.plist */,
			);
			path = CrazeMMUITests;
			sourceTree = "<group>";
		};
		B964F9311CC39712003E0D44 /* coredata */ = {
			isa = PBXGroup;
			children = (
				B964F9061CC39670003E0D44 /* CrazeMM.xcdatamodeld */,
				B964F9321CC39712003E0D44 /* _SearchHistory.h */,
				B964F9331CC39712003E0D44 /* _SearchHistory.m */,
				B964F9341CC39712003E0D44 /* SearchHistory.h */,
				B964F9351CC39712003E0D44 /* SearchHistory.m */,
			);
			path = coredata;
			sourceTree = "<group>";
		};
		B964F93C1CC3A54D003E0D44 /* javascript */ = {
			isa = PBXGroup;
			children = (
			);
			name = javascript;
			sourceTree = "<group>";
		};
		B964F9411CC48D06003E0D44 /* Welcome */ = {
			isa = PBXGroup;
			children = (
				B964F94B1CC49DF2003E0D44 /* WelcomeViewController.h */,
				B964F94C1CC49DF2003E0D44 /* WelcomeViewController.m */,
				B964F94D1CC49DF2003E0D44 /* WelcomeViewController.xib */,
			);
			name = Welcome;
			sourceTree = "<group>";
		};
		B964F9541CC4A657003E0D44 /* TabBarVC */ = {
			isa = PBXGroup;
			children = (
				B964F9551CC4A70E003E0D44 /* TabBarController.h */,
				B964F9561CC4A70E003E0D44 /* TabBarController.m */,
			);
			name = TabBarVC;
			sourceTree = "<group>";
		};
		B964F9581CC4A747003E0D44 /* mine */ = {
			isa = PBXGroup;
			children = (
				B964F9721CC4B073003E0D44 /* MineViewController.h */,
				B964F9731CC4B073003E0D44 /* MineViewController.m */,
			);
			name = mine;
			sourceTree = "<group>";
		};
		B964F9591CC4A757003E0D44 /* sell */ = {
			isa = PBXGroup;
			children = (
				B964F95E1CC4A800003E0D44 /* SellViewController.h */,
				B964F95F1CC4A800003E0D44 /* SellViewController.m */,
				B99D12E51CC65A73000DFF95 /* SellItemCell.h */,
				B99D12E61CC65A73000DFF95 /* SellItemCell.m */,
			);
			name = sell;
			sourceTree = "<group>";
		};
		B964F95A1CC4A75E003E0D44 /* buy */ = {
			isa = PBXGroup;
			children = (
				B964F9611CC4A81A003E0D44 /* BuyViewController.h */,
				B964F9621CC4A81A003E0D44 /* BuyViewController.m */,
				B964F98D1CC50E1E003E0D44 /* BuyItemCell.h */,
				B964F98E1CC50E1E003E0D44 /* BuyItemCell.m */,
				B964F98F1CC50E1E003E0D44 /* BuyItemCell.xib */,
				B99D12D31CC5D4C5000DFF95 /* BuySlideDetailViewController.h */,
				B99D12D41CC5D4C5000DFF95 /* BuySlideDetailViewController.m */,
			);
			name = buy;
			sourceTree = "<group>";
		};
		B964F9641CC4AA49003E0D44 /* common */ = {
			isa = PBXGroup;
			children = (
				B99D131D1CC7C81C000DFF95 /* controller */,
				B99D12DE1CC61AAB000DFF95 /* view */,
				B964F9651CC4AA58003E0D44 /* category */,
			);
			name = common;
			sourceTree = "<group>";
		};
		B964F9651CC4AA58003E0D44 /* category */ = {
			isa = PBXGroup;
			children = (
				B99D12D01CC5CAAD000DFF95 /* UISearchBar+RACSignalSupport.h */,
				B99D12D11CC5CAAD000DFF95 /* UISearchBar+RACSignalSupport.m */,
				B964F9681CC4AAC6003E0D44 /* UIColor+Utils.h */,
				B964F9691CC4AAC6003E0D44 /* UIColor+Utils.m */,
				B99D12D81CC5DD7E000DFF95 /* UITabBarController+HideTabBar.h */,
				B99D12D91CC5DD7E000DFF95 /* UITabBarController+HideTabBar.m */,
				B99D12DB1CC5F8DC000DFF95 /* UISearchBar+Utils.h */,
				B99D12DC1CC5F8DC000DFF95 /* UISearchBar+Utils.m */,
				B99D131A1CC7C373000DFF95 /* UIBarButtonItem+FontAwesome.h */,
				B99D131B1CC7C373000DFF95 /* UIBarButtonItem+FontAwesome.m */,
			);
			name = category;
			sourceTree = "<group>";
		};
		B964F9791CC4CE84003E0D44 /* resouce */ = {
			isa = PBXGroup;
			children = (
				B98878A21CC9100400990AA4 /* sign_background.png */,
				B98878851CC896BE00990AA4 /* product_debug.png */,
				B99D13181CC7AAB2000DFF95 /* fontawesome-webfont.ttf */,
				B964F93D1CC3A7FF003E0D44 /* javascript-bridge.html */,
				B964F9831CC5030C003E0D44 /* slide-0.jpg */,
				B964F9871CC50339003E0D44 /* slide-1.jpg */,
				B964F9851CC50316003E0D44 /* slide-2.jpg */,
				B964F9891CC50344003E0D44 /* slide-3.jpg */,
				B964F98A1CC50344003E0D44 /* slide-4.jpg */,
				B99D12C81CC520CB000DFF95 /* prod_placeholder.jpg */,
				B99D12CA1CC522FC000DFF95 /* logo_channel.png */,
			);
			name = resouce;
			sourceTree = "<group>";
		};
		B98878871CC89FE600990AA4 /* login */ = {
			isa = PBXGroup;
			children = (
				B988788E1CC8AD3800990AA4 /* LoginViewController.h */,
				B988788F1CC8AD3800990AA4 /* LoginViewController.m */,
				B98878901CC8AD3800990AA4 /* LoginViewController.xib */,
			);
			name = login;
			sourceTree = "<group>";
		};
		B988789C1CC90CAD00990AA4 /* sign */ = {
			isa = PBXGroup;
			children = (
				B988789D1CC90CCA00990AA4 /* SignViewController.h */,
				B988789E1CC90CCA00990AA4 /* SignViewController.m */,
				B988789F1CC90CCA00990AA4 /* SignViewController.xib */,
			);
			name = sign;
			sourceTree = "<group>";
		};
		B99D12DE1CC61AAB000DFF95 /* view */ = {
			isa = PBXGroup;
			children = (
				B99D13041CC72AD0000DFF95 /* CustomSeperatorLineCell.h */,
				B99D13051CC72AD0000DFF95 /* CustomSeperatorLineCell.m */,
				B99D13111CC75B84000DFF95 /* LabelWithSeperatorLine.h */,
				B99D13121CC75B84000DFF95 /* LabelWithSeperatorLine.m */,
			);
			name = view;
			sourceTree = "<group>";
		};
		B99D12E81CC65FCE000DFF95 /* search */ = {
			isa = PBXGroup;
			children = (
				B99D13071CC72D5A000DFF95 /* view */,
				B99D12E91CC66045000DFF95 /* SearchViewController.h */,
				B99D12EA1CC66045000DFF95 /* SearchViewController.m */,
				B99D130D1CC743A4000DFF95 /* SearchListViewController.h */,
				B99D130E1CC743A4000DFF95 /* SearchListViewController.m */,
			);
			name = search;
			sourceTree = "<group>";
		};
		B99D13071CC72D5A000DFF95 /* view */ = {
			isa = PBXGroup;
			children = (
				B99D12F51CC66EB9000DFF95 /* KeyWordsCell.h */,
				B99D12F61CC66EB9000DFF95 /* KeyWordsCell.m */,
				B99D12F71CC66EB9000DFF95 /* KeyWordsCell.xib */,
				B99D12FA1CC66ED3000DFF95 /* SearchHistoryCell.h */,
				B99D12FB1CC66ED3000DFF95 /* SearchHistoryCell.m */,
				B99D12FC1CC66ED3000DFF95 /* SearchHistoryCell.xib */,
				B99D12FF1CC66EFB000DFF95 /* ClearHistoryCell.h */,
				B99D13001CC66EFB000DFF95 /* ClearHistoryCell.m */,
				B99D13011CC66EFB000DFF95 /* ClearHistoryCell.xib */,
				B99D13081CC73FDA000DFF95 /* SearchListCell.h */,
				B99D13091CC73FDA000DFF95 /* SearchListCell.m */,
			);
			name = view;
			sourceTree = "<group>";
		};
		B99D13141CC7A6E5000DFF95 /* product */ = {
			isa = PBXGroup;
			children = (
				B99D13151CC7A813000DFF95 /* ProductViewController.h */,
				B99D13161CC7A813000DFF95 /* ProductViewController.m */,
			);
			name = product;
			sourceTree = "<group>";
		};
		B99D131D1CC7C81C000DFF95 /* controller */ = {
			isa = PBXGroup;
			children = (
				B99D131E1CC7C862000DFF95 /* FilterViewController.h */,
				B99D131F1CC7C862000DFF95 /* FilterViewController.m */,
				B99D13211CC86A04000DFF95 /* BaseNavigationController.h */,
				B99D13221CC86A04000DFF95 /* BaseNavigationController.m */,
				B988788B1CC8AB8B00990AA4 /* SuggestViewController.h */,
				B988788C1CC8AB8B00990AA4 /* SuggestViewController.m */,
			);
			name = controller;
			sourceTree = "<group>";
		};
/* End PBXGroup section */

/* Begin PBXNativeTarget section */
		B964F8F61CC39670003E0D44 /* CrazeMM */ = {
			isa = PBXNativeTarget;
			buildConfigurationList = B964F9271CC39671003E0D44 /* Build configuration list for PBXNativeTarget "CrazeMM" */;
			buildPhases = (
				255880C30F1E23250B051FF4 /* Check Pods Manifest.lock */,
				B964F8F31CC39670003E0D44 /* Sources */,
				B964F8F41CC39670003E0D44 /* Frameworks */,
				B964F8F51CC39670003E0D44 /* Resources */,
				26466745D6ADF56D2024F1B5 /* Embed Pods Frameworks */,
				2E1BC2B7443C480B560E5E14 /* Copy Pods Resources */,
			);
			buildRules = (
			);
			dependencies = (
			);
			name = CrazeMM;
			productName = CrazeMM;
			productReference = B964F8F71CC39670003E0D44 /* CrazeMM.app */;
			productType = "com.apple.product-type.application";
		};
		B964F9121CC39670003E0D44 /* CrazeMMTests */ = {
			isa = PBXNativeTarget;
			buildConfigurationList = B964F92A1CC39671003E0D44 /* Build configuration list for PBXNativeTarget "CrazeMMTests" */;
			buildPhases = (
				B964F90F1CC39670003E0D44 /* Sources */,
				B964F9101CC39670003E0D44 /* Frameworks */,
				B964F9111CC39670003E0D44 /* Resources */,
			);
			buildRules = (
			);
			dependencies = (
				B964F9151CC39670003E0D44 /* PBXTargetDependency */,
			);
			name = CrazeMMTests;
			productName = CrazeMMTests;
			productReference = B964F9131CC39670003E0D44 /* CrazeMMTests.xctest */;
			productType = "com.apple.product-type.bundle.unit-test";
		};
		B964F91D1CC39671003E0D44 /* CrazeMMUITests */ = {
			isa = PBXNativeTarget;
			buildConfigurationList = B964F92D1CC39671003E0D44 /* Build configuration list for PBXNativeTarget "CrazeMMUITests" */;
			buildPhases = (
				B964F91A1CC39671003E0D44 /* Sources */,
				B964F91B1CC39671003E0D44 /* Frameworks */,
				B964F91C1CC39671003E0D44 /* Resources */,
			);
			buildRules = (
			);
			dependencies = (
				B964F9201CC39671003E0D44 /* PBXTargetDependency */,
			);
			name = CrazeMMUITests;
			productName = CrazeMMUITests;
			productReference = B964F91E1CC39671003E0D44 /* CrazeMMUITests.xctest */;
			productType = "com.apple.product-type.bundle.ui-testing";
		};
/* End PBXNativeTarget section */

/* Begin PBXProject section */
		B964F8EF1CC39670003E0D44 /* Project object */ = {
			isa = PBXProject;
			attributes = {
				LastUpgradeCheck = 0720;
				ORGANIZATIONNAME = 189;
				TargetAttributes = {
					B964F8F61CC39670003E0D44 = {
						CreatedOnToolsVersion = 7.2;
						DevelopmentTeam = 47793U9PJ9;
					};
					B964F9121CC39670003E0D44 = {
						CreatedOnToolsVersion = 7.2;
						TestTargetID = B964F8F61CC39670003E0D44;
					};
					B964F91D1CC39671003E0D44 = {
						CreatedOnToolsVersion = 7.2;
						TestTargetID = B964F8F61CC39670003E0D44;
					};
				};
			};
			buildConfigurationList = B964F8F21CC39670003E0D44 /* Build configuration list for PBXProject "CrazeMM" */;
			compatibilityVersion = "Xcode 3.2";
			developmentRegion = English;
			hasScannedForEncodings = 0;
			knownRegions = (
				en,
				Base,
			);
			mainGroup = B964F8EE1CC39670003E0D44;
			productRefGroup = B964F8F81CC39670003E0D44 /* Products */;
			projectDirPath = "";
			projectRoot = "";
			targets = (
				B964F8F61CC39670003E0D44 /* CrazeMM */,
				B964F9121CC39670003E0D44 /* CrazeMMTests */,
				B964F91D1CC39671003E0D44 /* CrazeMMUITests */,
			);
		};
/* End PBXProject section */

/* Begin PBXResourcesBuildPhase section */
		B964F8F51CC39670003E0D44 /* Resources */ = {
			isa = PBXResourcesBuildPhase;
			buildActionMask = 2147483647;
			files = (
				B964F93E1CC3A7FF003E0D44 /* javascript-bridge.html in Resources */,
				B964F9861CC50316003E0D44 /* slide-2.jpg in Resources */,
				B964F9911CC50E1E003E0D44 /* BuyItemCell.xib in Resources */,
				B964F9841CC5030C003E0D44 /* slide-0.jpg in Resources */,
				B964F98C1CC50344003E0D44 /* slide-4.jpg in Resources */,
				B964F90A1CC39670003E0D44 /* Assets.xcassets in Resources */,
				B99D12FE1CC66ED3000DFF95 /* SearchHistoryCell.xib in Resources */,
				B98878A11CC90CCA00990AA4 /* SignViewController.xib in Resources */,
				B99D12CB1CC522FC000DFF95 /* logo_channel.png in Resources */,
				B98878921CC8AD3800990AA4 /* LoginViewController.xib in Resources */,
				B964F9881CC50339003E0D44 /* slide-1.jpg in Resources */,
				B99D13191CC7AAB2000DFF95 /* fontawesome-webfont.ttf in Resources */,
				B964F98B1CC50344003E0D44 /* slide-3.jpg in Resources */,
				B98878861CC896BE00990AA4 /* product_debug.png in Resources */,
				B99D12F91CC66EB9000DFF95 /* KeyWordsCell.xib in Resources */,
				B99D12C91CC520CB000DFF95 /* prod_placeholder.jpg in Resources */,
				B99D13031CC66EFB000DFF95 /* ClearHistoryCell.xib in Resources */,
				B98878A31CC9100400990AA4 /* sign_background.png in Resources */,
				B964F9511CC49DF2003E0D44 /* WelcomeViewController.xib in Resources */,
			);
			runOnlyForDeploymentPostprocessing = 0;
		};
		B964F9111CC39670003E0D44 /* Resources */ = {
			isa = PBXResourcesBuildPhase;
			buildActionMask = 2147483647;
			files = (
				B964F9521CC49DF2003E0D44 /* WelcomeViewController.xib in Resources */,
			);
			runOnlyForDeploymentPostprocessing = 0;
		};
		B964F91C1CC39671003E0D44 /* Resources */ = {
			isa = PBXResourcesBuildPhase;
			buildActionMask = 2147483647;
			files = (
				B964F9531CC49DF2003E0D44 /* WelcomeViewController.xib in Resources */,
			);
			runOnlyForDeploymentPostprocessing = 0;
		};
/* End PBXResourcesBuildPhase section */

/* Begin PBXShellScriptBuildPhase section */
		255880C30F1E23250B051FF4 /* Check Pods Manifest.lock */ = {
			isa = PBXShellScriptBuildPhase;
			buildActionMask = 2147483647;
			files = (
			);
			inputPaths = (
			);
			name = "Check Pods Manifest.lock";
			outputPaths = (
			);
			runOnlyForDeploymentPostprocessing = 0;
			shellPath = /bin/sh;
			shellScript = "diff \"${PODS_ROOT}/../Podfile.lock\" \"${PODS_ROOT}/Manifest.lock\" > /dev/null\nif [[ $? != 0 ]] ; then\n    cat << EOM\nerror: The sandbox is not in sync with the Podfile.lock. Run 'pod install' or update your CocoaPods installation.\nEOM\n    exit 1\nfi\n";
			showEnvVarsInLog = 0;
		};
		26466745D6ADF56D2024F1B5 /* Embed Pods Frameworks */ = {
			isa = PBXShellScriptBuildPhase;
			buildActionMask = 2147483647;
			files = (
			);
			inputPaths = (
			);
			name = "Embed Pods Frameworks";
			outputPaths = (
			);
			runOnlyForDeploymentPostprocessing = 0;
			shellPath = /bin/sh;
			shellScript = "\"${SRCROOT}/Pods/Target Support Files/Pods/Pods-frameworks.sh\"\n";
			showEnvVarsInLog = 0;
		};
		2E1BC2B7443C480B560E5E14 /* Copy Pods Resources */ = {
			isa = PBXShellScriptBuildPhase;
			buildActionMask = 2147483647;
			files = (
			);
			inputPaths = (
			);
			name = "Copy Pods Resources";
			outputPaths = (
			);
			runOnlyForDeploymentPostprocessing = 0;
			shellPath = /bin/sh;
			shellScript = "\"${SRCROOT}/Pods/Target Support Files/Pods/Pods-resources.sh\"\n";
			showEnvVarsInLog = 0;
		};
/* End PBXShellScriptBuildPhase section */

/* Begin PBXSourcesBuildPhase section */
		B964F8F31CC39670003E0D44 /* Sources */ = {
			isa = PBXSourcesBuildPhase;
			buildActionMask = 2147483647;
			files = (
				B964F9601CC4A800003E0D44 /* SellViewController.m in Sources */,
				B964F9571CC4A70E003E0D44 /* TabBarController.m in Sources */,
				B964F9361CC39712003E0D44 /* _SearchHistory.m in Sources */,
				B99D12E71CC65A73000DFF95 /* SellItemCell.m in Sources */,
				B99D12EB1CC66045000DFF95 /* SearchViewController.m in Sources */,
				B99D12DD1CC5F8DC000DFF95 /* UISearchBar+Utils.m in Sources */,
				B99D130F1CC743A4000DFF95 /* SearchListViewController.m in Sources */,
				B964F9371CC39712003E0D44 /* SearchHistory.m in Sources */,
				B964F8FF1CC39670003E0D44 /* AppDelegate.m in Sources */,
				B99D13231CC86A04000DFF95 /* BaseNavigationController.m in Sources */,
				B964F9741CC4B073003E0D44 /* MineViewController.m in Sources */,
				B99D13171CC7A813000DFF95 /* ProductViewController.m in Sources */,
				B964F8FC1CC39670003E0D44 /* main.m in Sources */,
				B99D12F81CC66EB9000DFF95 /* KeyWordsCell.m in Sources */,
				B964F94E1CC49DF2003E0D44 /* WelcomeViewController.m in Sources */,
				B99D12D51CC5D4C5000DFF95 /* BuySlideDetailViewController.m in Sources */,
				B99D12D21CC5CAAD000DFF95 /* UISearchBar+RACSignalSupport.m in Sources */,
				B99D13061CC72AD0000DFF95 /* CustomSeperatorLineCell.m in Sources */,
				B988788D1CC8AB8B00990AA4 /* SuggestViewController.m in Sources */,
				B99D130B1CC73FDA000DFF95 /* SearchListCell.m in Sources */,
				B99D13201CC7C862000DFF95 /* FilterViewController.m in Sources */,
				B99D12FD1CC66ED3000DFF95 /* SearchHistoryCell.m in Sources */,
				B964F96A1CC4AAC6003E0D44 /* UIColor+Utils.m in Sources */,
				B964F9081CC39670003E0D44 /* CrazeMM.xcdatamodeld in Sources */,
				B964F9631CC4A81A003E0D44 /* BuyViewController.m in Sources */,
				B99D131C1CC7C373000DFF95 /* UIBarButtonItem+FontAwesome.m in Sources */,
				B964F9901CC50E1E003E0D44 /* BuyItemCell.m in Sources */,
				B99D13131CC75B84000DFF95 /* LabelWithSeperatorLine.m in Sources */,
				B99D13021CC66EFB000DFF95 /* ClearHistoryCell.m in Sources */,
				B99D12DA1CC5DD7E000DFF95 /* UITabBarController+HideTabBar.m in Sources */,
				B98878911CC8AD3800990AA4 /* LoginViewController.m in Sources */,
				B98878A01CC90CCA00990AA4 /* SignViewController.m in Sources */,
			);
			runOnlyForDeploymentPostprocessing = 0;
		};
		B964F90F1CC39670003E0D44 /* Sources */ = {
			isa = PBXSourcesBuildPhase;
			buildActionMask = 2147483647;
			files = (
				B964F9181CC39671003E0D44 /* CrazeMMTests.m in Sources */,
				B964F96B1CC4AAC6003E0D44 /* UIColor+Utils.m in Sources */,
				B964F94F1CC49DF2003E0D44 /* WelcomeViewController.m in Sources */,
				B964F9751CC4B073003E0D44 /* MineViewController.m in Sources */,
			);
			runOnlyForDeploymentPostprocessing = 0;
		};
		B964F91A1CC39671003E0D44 /* Sources */ = {
			isa = PBXSourcesBuildPhase;
			buildActionMask = 2147483647;
			files = (
				B964F9231CC39671003E0D44 /* CrazeMMUITests.m in Sources */,
				B964F96C1CC4AAC6003E0D44 /* UIColor+Utils.m in Sources */,
				B964F9501CC49DF2003E0D44 /* WelcomeViewController.m in Sources */,
				B964F9761CC4B073003E0D44 /* MineViewController.m in Sources */,
			);
			runOnlyForDeploymentPostprocessing = 0;
		};
/* End PBXSourcesBuildPhase section */

/* Begin PBXTargetDependency section */
		B964F9151CC39670003E0D44 /* PBXTargetDependency */ = {
			isa = PBXTargetDependency;
			target = B964F8F61CC39670003E0D44 /* CrazeMM */;
			targetProxy = B964F9141CC39670003E0D44 /* PBXContainerItemProxy */;
		};
		B964F9201CC39671003E0D44 /* PBXTargetDependency */ = {
			isa = PBXTargetDependency;
			target = B964F8F61CC39670003E0D44 /* CrazeMM */;
			targetProxy = B964F91F1CC39671003E0D44 /* PBXContainerItemProxy */;
		};
/* End PBXTargetDependency section */

/* Begin XCBuildConfiguration section */
		B964F9251CC39671003E0D44 /* Debug */ = {
			isa = XCBuildConfiguration;
			buildSettings = {
				ALWAYS_SEARCH_USER_PATHS = NO;
				CLANG_CXX_LANGUAGE_STANDARD = "gnu++0x";
				CLANG_CXX_LIBRARY = "libc++";
				CLANG_ENABLE_MODULES = YES;
				CLANG_ENABLE_OBJC_ARC = YES;
				CLANG_WARN_BOOL_CONVERSION = YES;
				CLANG_WARN_CONSTANT_CONVERSION = YES;
				CLANG_WARN_DIRECT_OBJC_ISA_USAGE = YES_ERROR;
				CLANG_WARN_EMPTY_BODY = YES;
				CLANG_WARN_ENUM_CONVERSION = YES;
				CLANG_WARN_INT_CONVERSION = YES;
				CLANG_WARN_OBJC_ROOT_CLASS = YES_ERROR;
				CLANG_WARN_UNREACHABLE_CODE = YES;
				CLANG_WARN__DUPLICATE_METHOD_MATCH = YES;
				"CODE_SIGN_IDENTITY[sdk=iphoneos*]" = "iPhone Developer";
				COPY_PHASE_STRIP = NO;
				DEBUG_INFORMATION_FORMAT = dwarf;
				ENABLE_STRICT_OBJC_MSGSEND = YES;
				ENABLE_TESTABILITY = YES;
				GCC_C_LANGUAGE_STANDARD = gnu99;
				GCC_DYNAMIC_NO_PIC = NO;
				GCC_NO_COMMON_BLOCKS = YES;
				GCC_OPTIMIZATION_LEVEL = 0;
				GCC_PREPROCESSOR_DEFINITIONS = (
					"DEBUG=1",
					"$(inherited)",
				);
				GCC_WARN_64_TO_32_BIT_CONVERSION = YES;
				GCC_WARN_ABOUT_RETURN_TYPE = YES_ERROR;
				GCC_WARN_UNDECLARED_SELECTOR = YES;
				GCC_WARN_UNINITIALIZED_AUTOS = YES_AGGRESSIVE;
				GCC_WARN_UNUSED_FUNCTION = YES;
				GCC_WARN_UNUSED_VARIABLE = YES;
				IPHONEOS_DEPLOYMENT_TARGET = 8.0;
				MTL_ENABLE_DEBUG_INFO = YES;
				ONLY_ACTIVE_ARCH = YES;
				SDKROOT = iphoneos;
			};
			name = Debug;
		};
		B964F9261CC39671003E0D44 /* Release */ = {
			isa = XCBuildConfiguration;
			buildSettings = {
				ALWAYS_SEARCH_USER_PATHS = NO;
				CLANG_CXX_LANGUAGE_STANDARD = "gnu++0x";
				CLANG_CXX_LIBRARY = "libc++";
				CLANG_ENABLE_MODULES = YES;
				CLANG_ENABLE_OBJC_ARC = YES;
				CLANG_WARN_BOOL_CONVERSION = YES;
				CLANG_WARN_CONSTANT_CONVERSION = YES;
				CLANG_WARN_DIRECT_OBJC_ISA_USAGE = YES_ERROR;
				CLANG_WARN_EMPTY_BODY = YES;
				CLANG_WARN_ENUM_CONVERSION = YES;
				CLANG_WARN_INT_CONVERSION = YES;
				CLANG_WARN_OBJC_ROOT_CLASS = YES_ERROR;
				CLANG_WARN_UNREACHABLE_CODE = YES;
				CLANG_WARN__DUPLICATE_METHOD_MATCH = YES;
				"CODE_SIGN_IDENTITY[sdk=iphoneos*]" = "iPhone Developer";
				COPY_PHASE_STRIP = NO;
				DEBUG_INFORMATION_FORMAT = "dwarf-with-dsym";
				ENABLE_NS_ASSERTIONS = NO;
				ENABLE_STRICT_OBJC_MSGSEND = YES;
				GCC_C_LANGUAGE_STANDARD = gnu99;
				GCC_NO_COMMON_BLOCKS = YES;
				GCC_WARN_64_TO_32_BIT_CONVERSION = YES;
				GCC_WARN_ABOUT_RETURN_TYPE = YES_ERROR;
				GCC_WARN_UNDECLARED_SELECTOR = YES;
				GCC_WARN_UNINITIALIZED_AUTOS = YES_AGGRESSIVE;
				GCC_WARN_UNUSED_FUNCTION = YES;
				GCC_WARN_UNUSED_VARIABLE = YES;
				IPHONEOS_DEPLOYMENT_TARGET = 8.0;
				MTL_ENABLE_DEBUG_INFO = NO;
				SDKROOT = iphoneos;
				VALIDATE_PRODUCT = YES;
			};
			name = Release;
		};
		B964F9281CC39671003E0D44 /* Debug */ = {
			isa = XCBuildConfiguration;
			baseConfigurationReference = DA9F9AB367150C29C4B45DF4 /* Pods.debug.xcconfig */;
			buildSettings = {
				ASSETCATALOG_COMPILER_APPICON_NAME = AppIcon;
				ASSETCATALOG_COMPILER_LAUNCHIMAGE_NAME = LaunchImage;
				CODE_SIGN_IDENTITY = "iPhone Developer: sai xu (G3356M53WH)";
				FRAMEWORK_SEARCH_PATHS = (
					"$(inherited)",
					"$(PROJECT_DIR)",
				);
				GCC_PREFIX_HEADER = "$(SRCROOT)/$(PROJECT_NAME)/CrazeMM-prefix.pch";
				INFOPLIST_FILE = CrazeMM/Info.plist;
				LD_RUNPATH_SEARCH_PATHS = "$(inherited) @executable_path/Frameworks";
				OTHER_LDFLAGS = (
					"-ObjC",
					"-lz",
					"$(inherited)",
					"-framework",
					"\"AFNetworking\"",
					"-framework",
					LLBootstrapButton,
					"-framework",
					"\"MBProgressHUD\"",
					"-framework",
					"\"QuickDialog\"",
					"-framework",
					"\"ReactiveCocoa\"",
					"-framework",
					"\"WebViewJavascriptBridge\"",
					"-framework",
					"\"iCarousel\"",
					"-framework",
					Reveal,
				);
				PRODUCT_BUNDLE_IDENTIFIER = com.189.CrazeMM;
				PRODUCT_NAME = "$(TARGET_NAME)";
				TARGETED_DEVICE_FAMILY = 1;
			};
			name = Debug;
		};
		B964F9291CC39671003E0D44 /* Release */ = {
			isa = XCBuildConfiguration;
			baseConfigurationReference = F9E586B49553A3F9DA3D89C1 /* Pods.release.xcconfig */;
			buildSettings = {
				ASSETCATALOG_COMPILER_APPICON_NAME = AppIcon;
				ASSETCATALOG_COMPILER_LAUNCHIMAGE_NAME = LaunchImage;
				CODE_SIGN_IDENTITY = "iPhone Developer: sai xu (G3356M53WH)";
				FRAMEWORK_SEARCH_PATHS = (
					"$(inherited)",
					"$(PROJECT_DIR)",
				);
				GCC_PREFIX_HEADER = "$(SRCROOT)/$(PROJECT_NAME)/CrazeMM-prefix.pch";
				INFOPLIST_FILE = CrazeMM/Info.plist;
				LD_RUNPATH_SEARCH_PATHS = "$(inherited) @executable_path/Frameworks";
				OTHER_LDFLAGS = (
					"-ObjC",
					"-lz",
					"$(inherited)",
					"-framework",
					"\"AFNetworking\"",
					"-framework",
					LLBootstrapButton,
					"-framework",
					"\"MBProgressHUD\"",
					"-framework",
					"\"QuickDialog\"",
					"-framework",
					"\"ReactiveCocoa\"",
					"-framework",
					"\"WebViewJavascriptBridge\"",
					"-framework",
					"\"iCarousel\"",
					"-framework",
					Reveal,
				);
				PRODUCT_BUNDLE_IDENTIFIER = com.189.CrazeMM;
				PRODUCT_NAME = "$(TARGET_NAME)";
				TARGETED_DEVICE_FAMILY = 1;
			};
			name = Release;
		};
		B964F92B1CC39671003E0D44 /* Debug */ = {
			isa = XCBuildConfiguration;
			buildSettings = {
				BUNDLE_LOADER = "$(TEST_HOST)";
				INFOPLIST_FILE = CrazeMMTests/Info.plist;
				LD_RUNPATH_SEARCH_PATHS = "$(inherited) @executable_path/Frameworks @loader_path/Frameworks";
				PRODUCT_BUNDLE_IDENTIFIER = com.189.CrazeMMTests;
				PRODUCT_NAME = "$(TARGET_NAME)";
				TEST_HOST = "$(BUILT_PRODUCTS_DIR)/CrazeMM.app/CrazeMM";
			};
			name = Debug;
		};
		B964F92C1CC39671003E0D44 /* Release */ = {
			isa = XCBuildConfiguration;
			buildSettings = {
				BUNDLE_LOADER = "$(TEST_HOST)";
				INFOPLIST_FILE = CrazeMMTests/Info.plist;
				LD_RUNPATH_SEARCH_PATHS = "$(inherited) @executable_path/Frameworks @loader_path/Frameworks";
				PRODUCT_BUNDLE_IDENTIFIER = com.189.CrazeMMTests;
				PRODUCT_NAME = "$(TARGET_NAME)";
				TEST_HOST = "$(BUILT_PRODUCTS_DIR)/CrazeMM.app/CrazeMM";
			};
			name = Release;
		};
		B964F92E1CC39671003E0D44 /* Debug */ = {
			isa = XCBuildConfiguration;
			buildSettings = {
				INFOPLIST_FILE = CrazeMMUITests/Info.plist;
				LD_RUNPATH_SEARCH_PATHS = "$(inherited) @executable_path/Frameworks @loader_path/Frameworks";
				PRODUCT_BUNDLE_IDENTIFIER = com.189.CrazeMMUITests;
				PRODUCT_NAME = "$(TARGET_NAME)";
				TEST_TARGET_NAME = CrazeMM;
				USES_XCTRUNNER = YES;
			};
			name = Debug;
		};
		B964F92F1CC39671003E0D44 /* Release */ = {
			isa = XCBuildConfiguration;
			buildSettings = {
				INFOPLIST_FILE = CrazeMMUITests/Info.plist;
				LD_RUNPATH_SEARCH_PATHS = "$(inherited) @executable_path/Frameworks @loader_path/Frameworks";
				PRODUCT_BUNDLE_IDENTIFIER = com.189.CrazeMMUITests;
				PRODUCT_NAME = "$(TARGET_NAME)";
				TEST_TARGET_NAME = CrazeMM;
				USES_XCTRUNNER = YES;
			};
			name = Release;
		};
/* End XCBuildConfiguration section */

/* Begin XCConfigurationList section */
		B964F8F21CC39670003E0D44 /* Build configuration list for PBXProject "CrazeMM" */ = {
			isa = XCConfigurationList;
			buildConfigurations = (
				B964F9251CC39671003E0D44 /* Debug */,
				B964F9261CC39671003E0D44 /* Release */,
			);
			defaultConfigurationIsVisible = 0;
			defaultConfigurationName = Release;
		};
		B964F9271CC39671003E0D44 /* Build configuration list for PBXNativeTarget "CrazeMM" */ = {
			isa = XCConfigurationList;
			buildConfigurations = (
				B964F9281CC39671003E0D44 /* Debug */,
				B964F9291CC39671003E0D44 /* Release */,
			);
			defaultConfigurationIsVisible = 0;
			defaultConfigurationName = Release;
		};
		B964F92A1CC39671003E0D44 /* Build configuration list for PBXNativeTarget "CrazeMMTests" */ = {
			isa = XCConfigurationList;
			buildConfigurations = (
				B964F92B1CC39671003E0D44 /* Debug */,
				B964F92C1CC39671003E0D44 /* Release */,
			);
			defaultConfigurationIsVisible = 0;
			defaultConfigurationName = Release;
		};
		B964F92D1CC39671003E0D44 /* Build configuration list for PBXNativeTarget "CrazeMMUITests" */ = {
			isa = XCConfigurationList;
			buildConfigurations = (
				B964F92E1CC39671003E0D44 /* Debug */,
				B964F92F1CC39671003E0D44 /* Release */,
			);
			defaultConfigurationIsVisible = 0;
			defaultConfigurationName = Release;
		};
/* End XCConfigurationList section */

/* Begin XCVersionGroup section */
		B964F9061CC39670003E0D44 /* CrazeMM.xcdatamodeld */ = {
			isa = XCVersionGroup;
			children = (
				B964F9071CC39670003E0D44 /* CrazeMM.xcdatamodel */,
			);
			currentVersion = B964F9071CC39670003E0D44 /* CrazeMM.xcdatamodel */;
			name = CrazeMM.xcdatamodeld;
			path = ../CrazeMM.xcdatamodeld;
			sourceTree = "<group>";
			versionGroupType = wrapper.xcdatamodel;
		};
/* End XCVersionGroup section */
	};
	rootObject = B964F8EF1CC39670003E0D44 /* Project object */;
}
